
Microsoft Visual Studio Solution File, Format Version 12.00
# Visual Studio 14
VisualStudioVersion = 14.0.25420.1
MinimumVisualStudioVersion = 10.0.40219.1
Project("{FAE04EC0-301F-11D3-BF4B-00C04F79EFBC}") = "CountRealNumbers", "CountRealNumbers\CountRealNumbers.csproj", "{585D9317-3E33-49A1-8310-4C9B9702C3E6}"
EndProject
Project("{FAE04EC0-301F-11D3-BF4B-00C04F79EFBC}") = "WordCount-Example", "WordCount-Example\WordCount-Example.csproj", "{DB17BA8C-1BBA-495E-8F66-A04C9D622F61}"
EndProject
Project("{FAE04EC0-301F-11D3-BF4B-00C04F79EFBC}") = "MinMaxAvg", "MinMaxAvg\MinMaxAvg.csproj", "{B6D46660-75E5-465E-AE71-C220E40827E3}"
EndProject
Project("{FAE04EC0-301F-11D3-BF4B-00C04F79EFBC}") = "Largest3", "Largest3\Largest3.csproj", "{E8F528DE-1ABD-4BE8-A19B-83D9D160707A}"
EndProject
Project("{FAE04EC0-301F-11D3-BF4B-00C04F79EFBC}") = "ShortWordsSorted", "ShortWordsSorted\ShortWordsSorted.csproj", "{FEE7E0C3-77A9-465B-9C93-33735FF655F1}"
EndProject
Global
	GlobalSection(SolutionConfigurationPlatforms) = preSolution
		Debug|Any CPU = Debug|Any CPU
		Release|Any CPU = Release|Any CPU
	EndGlobalSection
	GlobalSection(ProjectConfigurationPlatforms) = postSolution
		{585D9317-3E33-49A1-8310-4C9B9702C3E6}.Debug|Any CPU.ActiveCfg = Debug|Any CPU
		{585D9317-3E33-49A1-8310-4C9B9702C3E6}.Debug|Any CPU.Build.0 = Debug|Any CPU
		{585D9317-3E33-49A1-8310-4C9B9702C3E6}.Release|Any CPU.ActiveCfg = Release|Any CPU
		{585D9317-3E33-49A1-8310-4C9B9702C3E6}.Release|Any CPU.Build.0 = Release|Any CPU
		{DB17BA8C-1BBA-495E-8F66-A04C9D622F61}.Debug|Any CPU.ActiveCfg = Debug|Any CPU
		{DB17BA8C-1BBA-495E-8F66-A04C9D622F61}.Debug|Any CPU.Build.0 = Debug|Any CPU
		{DB17BA8C-1BBA-495E-8F66-A04C9D622F61}.Release|Any CPU.ActiveCfg = Release|Any CPU
		{DB17BA8C-1BBA-495E-8F66-A04C9D622F61}.Release|Any CPU.Build.0 = Release|Any CPU
		{B6D46660-75E5-465E-AE71-C220E40827E3}.Debug|Any CPU.ActiveCfg = Debug|Any CPU
		{B6D46660-75E5-465E-AE71-C220E40827E3}.Debug|Any CPU.Build.0 = Debug|Any CPU
		{B6D46660-75E5-465E-AE71-C220E40827E3}.Release|Any CPU.ActiveCfg = Release|Any CPU
		{B6D46660-75E5-465E-AE71-C220E40827E3}.Release|Any CPU.Build.0 = Release|Any CPU
		{E8F528DE-1ABD-4BE8-A19B-83D9D160707A}.Debug|Any CPU.ActiveCfg = Debug|Any CPU
		{E8F528DE-1ABD-4BE8-A19B-83D9D160707A}.Debug|Any CPU.Build.0 = Debug|Any CPU
		{E8F528DE-1ABD-4BE8-A19B-83D9D160707A}.Release|Any CPU.ActiveCfg = Release|Any CPU
		{E8F528DE-1ABD-4BE8-A19B-83D9D160707A}.Release|Any CPU.Build.0 = Release|Any CPU
		{FEE7E0C3-77A9-465B-9C93-33735FF655F1}.Debug|Any CPU.ActiveCfg = Debug|Any CPU
		{FEE7E0C3-77A9-465B-9C93-33735FF655F1}.Debug|Any CPU.Build.0 = Debug|Any CPU
		{FEE7E0C3-77A9-465B-9C93-33735FF655F1}.Release|Any CPU.ActiveCfg = Release|Any CPU
		{FEE7E0C3-77A9-465B-9C93-33735FF655F1}.Release|Any CPU.Build.0 = Release|Any CPU
	EndGlobalSection
	GlobalSection(SolutionProperties) = preSolution
		HideSolutionNode = FALSE
	EndGlobalSection
EndGlobal
